{
  "lockfileVersion": 1,
  "workspaces": {
    "": {
      "name": "xbar-plugin-github",
      "devDependencies": {
        "prettier": "3.6.2",
      },
    },
  },
  "packages": {
    "prettier": ["prettier@3.6.2", "", { "bin": { "prettier": "bin/prettier.cjs" } }, "sha512-I7AIg5boAr5R0FFtJ6rCfD+LFsWHp81dolrFD8S79U9tb8Az2nGrJncnMSnys+bpQJfRUzqs9hnA81OAA3hCuQ=="],
  }
}
