# THIS IS AN AUTOGENERATED FILE. DO NOT EDIT THIS FILE DIRECTLY.
# yarn lockfile v1


prettier@^3.2.2:
  version "3.2.2"
  resolved "https://registry.yarnpkg.com/prettier/-/prettier-3.2.2.tgz#96e580f7ca9c96090ad054616c0c4597e2844b65"
  integrity sha512-HTByuKZzw7utPiDO523Tt2pLtEyK7OibUD9suEJQrPUCYQqrHr74GGX6VidMrovbf/I50mPqr8j/II6oBAuc5A==
